
Microsoft Visual Studio Solution File, Format Version 12.00
# Visual Studio Version 17
VisualStudioVersion = 17.4.33122.133
MinimumVisualStudioVersion = 10.0.40219.1
Project("{9A19103F-16F7-4668-BE54-9A1E7A4F7556}") = "ConsoleApp31", "ConsoleApp31\ConsoleApp31.csproj", "{C9D22E45-6B30-4872-908C-460F2CE8F35F}"
EndProject
Project("{FAE04EC0-301F-11D3-BF4B-00C04F79EFBC}") = "ConsoleApp1", "ConsoleApp1\ConsoleApp1.csproj", "{F114D406-6C25-457F-B9D7-312F463EEE92}"
EndProject
Project("{FAE04EC0-301F-11D3-BF4B-00C04F79EFBC}") = "ConsoleApp2", "ConsoleApp2\ConsoleApp2.csproj", "{19749CFE-9CEA-47BE-A163-BB7CF0F13FE6}"
EndProject
Global
	GlobalSection(SolutionConfigurationPlatforms) = preSolution
		Debug|Any CPU = Debug|Any CPU
		Release|Any CPU = Release|Any CPU
	EndGlobalSection
	GlobalSection(ProjectConfigurationPlatforms) = postSolution
		{C9D22E45-6B30-4872-908C-460F2CE8F35F}.Debug|Any CPU.ActiveCfg = Debug|Any CPU
		{C9D22E45-6B30-4872-908C-460F2CE8F35F}.Debug|Any CPU.Build.0 = Debug|Any CPU
		{C9D22E45-6B30-4872-908C-460F2CE8F35F}.Release|Any CPU.ActiveCfg = Release|Any CPU
		{C9D22E45-6B30-4872-908C-460F2CE8F35F}.Release|Any CPU.Build.0 = Release|Any CPU
		{F114D406-6C25-457F-B9D7-312F463EEE92}.Debug|Any CPU.ActiveCfg = Debug|Any CPU
		{F114D406-6C25-457F-B9D7-312F463EEE92}.Debug|Any CPU.Build.0 = Debug|Any CPU
		{F114D406-6C25-457F-B9D7-312F463EEE92}.Release|Any CPU.ActiveCfg = Release|Any CPU
		{F114D406-6C25-457F-B9D7-312F463EEE92}.Release|Any CPU.Build.0 = Release|Any CPU
		{19749CFE-9CEA-47BE-A163-BB7CF0F13FE6}.Debug|Any CPU.ActiveCfg = Debug|Any CPU
		{19749CFE-9CEA-47BE-A163-BB7CF0F13FE6}.Debug|Any CPU.Build.0 = Debug|Any CPU
		{19749CFE-9CEA-47BE-A163-BB7CF0F13FE6}.Release|Any CPU.ActiveCfg = Release|Any CPU
		{19749CFE-9CEA-47BE-A163-BB7CF0F13FE6}.Release|Any CPU.Build.0 = Release|Any CPU
	EndGlobalSection
	GlobalSection(SolutionProperties) = preSolution
		HideSolutionNode = FALSE
	EndGlobalSection
	GlobalSection(ExtensibilityGlobals) = postSolution
		SolutionGuid = {5969343A-1690-4458-AB73-CB5F19DFCA7C}
	EndGlobalSection
EndGlobal
